{
  "nodes": {
    "nixpkgs": {
      "locked": {
        "lastModified": 1733581040,
        "narHash": "sha256-Qn3nPMSopRQJgmvHzVqPcE3I03zJyl8cSbgnnltfFDY=",
        "owner": "nixos",
        "repo": "nixpkgs",
        "rev": "22c3f2cf41a0e70184334a958e6b124fb0ce3e01",
        "type": "github"
      },
      "original": {
        "owner": "nixos",
        "ref": "nixos-unstable",
        "repo": "nixpkgs",
        "type": "github"
      }
    },
    "nixpkgs_2": {
      "locked": {
        "lastModified": 1728538411,
        "narHash": "sha256-f0SBJz1eZ2yOuKUr5CA9BHULGXVSn6miBuUWdTyhUhU=",
        "owner": "NixOS",
        "repo": "nixpkgs",
        "rev": "b69de56fac8c2b6f8fd27f2eca01dcda8e0a4221",
        "type": "github"
      },
      "original": {
        "owner": "NixOS",
        "ref": "nixpkgs-unstable",
        "repo": "nixpkgs",
        "type": "github"
      }
    },
    "root": {
      "inputs": {
        "nixpkgs": "nixpkgs",
        "rust-overlay": "rust-overlay"
      }
    },
    "rust-overlay": {
      "inputs": {
        "nixpkgs": "nixpkgs_2"
      },
      "locked": {
        "lastModified": 1733711706,
        "narHash": "sha256-uDfJ/TrLLqrtoNzfPODDOVyZ+JWsJfd5T1r7xuE6h6g=",
        "owner": "oxalica",
        "repo": "rust-overlay",
        "rev": "4eb3f096e14431bd0ab4cca039f9c9d77331cbfc",
        "type": "github"
      },
      "original": {
        "owner": "oxalica",
        "repo": "rust-overlay",
        "type": "github"
      }
    }
  },
  "root": "root",
  "version": 7
}
